
Microsoft Visual Studio Solution File, Format Version 12.00
# Visual Studio Version 16
VisualStudioVersion = 16.0.29326.143
MinimumVisualStudioVersion = 10.0.40219.1
Project("{FAE04EC0-301F-11D3-BF4B-00C04F79EFBC}") = "loginAcquisti", "loginAcquisti\loginAcquisti.csproj", "{9BC338C8-4EBB-4B83-B8A8-A310FD40B0FB}"
EndProject
Global
	GlobalSection(SolutionConfigurationPlatforms) = preSolution
		Debug|Any CPU = Debug|Any CPU
		Release|Any CPU = Release|Any CPU
	EndGlobalSection
	GlobalSection(ProjectConfigurationPlatforms) = postSolution
		{9BC338C8-4EBB-4B83-B8A8-A310FD40B0FB}.Debug|Any CPU.ActiveCfg = Debug|Any CPU
		{9BC338C8-4EBB-4B83-B8A8-A310FD40B0FB}.Debug|Any CPU.Build.0 = Debug|Any CPU
		{9BC338C8-4EBB-4B83-B8A8-A310FD40B0FB}.Release|Any CPU.ActiveCfg = Release|Any CPU
		{9BC338C8-4EBB-4B83-B8A8-A310FD40B0FB}.Release|Any CPU.Build.0 = Release|Any CPU
	EndGlobalSection
	GlobalSection(SolutionProperties) = preSolution
		HideSolutionNode = FALSE
	EndGlobalSection
	GlobalSection(ExtensibilityGlobals) = postSolution
		SolutionGuid = {E98C163E-EA28-4E5A-AE62-4C823C7B2823}
	EndGlobalSection
EndGlobal
